
Microsoft Visual Studio Solution File, Format Version 12.00
# Visual Studio Version 16
VisualStudioVersion = 16.0.31205.134
MinimumVisualStudioVersion = 10.0.40219.1
Project("{FAE04EC0-301F-11D3-BF4B-00C04F79EFBC}") = "ObserverPattern", "ObserverPattern\ObserverPattern.csproj", "{AE86656A-2676-4D64-9ED8-585C86B952D2}"
EndProject
Global
	GlobalSection(SolutionConfigurationPlatforms) = preSolution
		Debug|Any CPU = Debug|Any CPU
		Release|Any CPU = Release|Any CPU
	EndGlobalSection
	GlobalSection(ProjectConfigurationPlatforms) = postSolution
		{AE86656A-2676-4D64-9ED8-585C86B952D2}.Debug|Any CPU.ActiveCfg = Debug|Any CPU
		{AE86656A-2676-4D64-9ED8-585C86B952D2}.Debug|Any CPU.Build.0 = Debug|Any CPU
		{AE86656A-2676-4D64-9ED8-585C86B952D2}.Release|Any CPU.ActiveCfg = Release|Any CPU
		{AE86656A-2676-4D64-9ED8-585C86B952D2}.Release|Any CPU.Build.0 = Release|Any CPU
	EndGlobalSection
	GlobalSection(SolutionProperties) = preSolution
		HideSolutionNode = FALSE
	EndGlobalSection
	GlobalSection(ExtensibilityGlobals) = postSolution
		SolutionGuid = {0E2204FA-A2DF-459E-8A11-E071C2F08536}
	EndGlobalSection
EndGlobal
